
Microsoft Visual Studio Solution File, Format Version 12.00
# Visual Studio Version 17
VisualStudioVersion = 17.5.33530.505
MinimumVisualStudioVersion = 10.0.40219.1
Project("{2150E333-8FDC-42A3-9474-1A3956D46DE8}") = "Services", "Services", "{EFD6B935-67EE-4312-81BE-3EA3D92BA534}"
EndProject
Project("{2150E333-8FDC-42A3-9474-1A3956D46DE8}") = "Payments", "Payments", "{82756F9A-4029-4ACF-8EC4-DED7C010F4DF}"
EndProject
Project("{FAE04EC0-301F-11D3-BF4B-00C04F79EFBC}") = "Payments.Domain", "Services\Payments\Payments.Domain\Payments.Domain.csproj", "{AB8FC2FC-A247-4912-AA2E-9A53C126FB10}"
EndProject
Project("{FAE04EC0-301F-11D3-BF4B-00C04F79EFBC}") = "Payments.Infrastructure", "Services\Payments\Payments.Infrastructure\Payments.Infrastructure.csproj", "{D8D88ABF-BA62-484E-8001-3CCA78AB89A2}"
EndProject
Project("{FAE04EC0-301F-11D3-BF4B-00C04F79EFBC}") = "Payments.Application", "Payments.Application\Payments.Application.csproj", "{B185B48E-B2A0-44E4-8E78-B149E4B2C014}"
EndProject
Global
	GlobalSection(SolutionConfigurationPlatforms) = preSolution
		Debug|Any CPU = Debug|Any CPU
		Release|Any CPU = Release|Any CPU
	EndGlobalSection
	GlobalSection(ProjectConfigurationPlatforms) = postSolution
		{AB8FC2FC-A247-4912-AA2E-9A53C126FB10}.Debug|Any CPU.ActiveCfg = Debug|Any CPU
		{AB8FC2FC-A247-4912-AA2E-9A53C126FB10}.Debug|Any CPU.Build.0 = Debug|Any CPU
		{AB8FC2FC-A247-4912-AA2E-9A53C126FB10}.Release|Any CPU.ActiveCfg = Release|Any CPU
		{AB8FC2FC-A247-4912-AA2E-9A53C126FB10}.Release|Any CPU.Build.0 = Release|Any CPU
		{D8D88ABF-BA62-484E-8001-3CCA78AB89A2}.Debug|Any CPU.ActiveCfg = Debug|Any CPU
		{D8D88ABF-BA62-484E-8001-3CCA78AB89A2}.Debug|Any CPU.Build.0 = Debug|Any CPU
		{D8D88ABF-BA62-484E-8001-3CCA78AB89A2}.Release|Any CPU.ActiveCfg = Release|Any CPU
		{D8D88ABF-BA62-484E-8001-3CCA78AB89A2}.Release|Any CPU.Build.0 = Release|Any CPU
		{B185B48E-B2A0-44E4-8E78-B149E4B2C014}.Debug|Any CPU.ActiveCfg = Debug|Any CPU
		{B185B48E-B2A0-44E4-8E78-B149E4B2C014}.Debug|Any CPU.Build.0 = Debug|Any CPU
		{B185B48E-B2A0-44E4-8E78-B149E4B2C014}.Release|Any CPU.ActiveCfg = Release|Any CPU
		{B185B48E-B2A0-44E4-8E78-B149E4B2C014}.Release|Any CPU.Build.0 = Release|Any CPU
	EndGlobalSection
	GlobalSection(SolutionProperties) = preSolution
		HideSolutionNode = FALSE
	EndGlobalSection
	GlobalSection(NestedProjects) = preSolution
		{82756F9A-4029-4ACF-8EC4-DED7C010F4DF} = {EFD6B935-67EE-4312-81BE-3EA3D92BA534}
		{AB8FC2FC-A247-4912-AA2E-9A53C126FB10} = {82756F9A-4029-4ACF-8EC4-DED7C010F4DF}
		{D8D88ABF-BA62-484E-8001-3CCA78AB89A2} = {82756F9A-4029-4ACF-8EC4-DED7C010F4DF}
		{B185B48E-B2A0-44E4-8E78-B149E4B2C014} = {82756F9A-4029-4ACF-8EC4-DED7C010F4DF}
	EndGlobalSection
	GlobalSection(ExtensibilityGlobals) = postSolution
		SolutionGuid = {B7761A34-5C86-40F5-B082-9A5FB1BEB0B3}
	EndGlobalSection
EndGlobal
